
Microsoft Visual Studio Solution File, Format Version 12.00
# Visual Studio Version 18
VisualStudioVersion = 18.1.11312.151
MinimumVisualStudioVersion = 10.0.40219.1
Project("{FAE04EC0-301F-11D3-BF4B-00C04F79EFBC}") = "ElectricFox.FennecSdr", "ElectricFox.FennecSdr\ElectricFox.FennecSdr.csproj", "{C6B8EC97-DAAF-44D0-A127-2378BF55F410}"
EndProject
Project("{FAE04EC0-301F-11D3-BF4B-00C04F79EFBC}") = "ElectricFox.FennecSdr.Touch", "ElectricFox.FennecSdr.Touch\ElectricFox.FennecSdr.Touch.csproj", "{90FA10B2-0EB4-4C26-9FEB-BB4505D25FC6}"
EndProject
Project("{FAE04EC0-301F-11D3-BF4B-00C04F79EFBC}") = "ElectricFox.FennecSdr.Display", "ElectricFox.FennecSdr.Display\ElectricFox.FennecSdr.Display.csproj", "{5E6D18B8-1119-4DA2-820F-DD1781C4743A}"
EndProject
Project("{FAE04EC0-301F-11D3-BF4B-00C04F79EFBC}") = "ElectricFox.FennecSdr.App", "ElectricFox.FennecSdr.App\ElectricFox.FennecSdr.App.csproj", "{95078039-C173-4D5D-90A4-FE0D1CF420C4}"
EndProject
Project("{FAE04EC0-301F-11D3-BF4B-00C04F79EFBC}") = "ElectricFox.EmbeddedApplicationFramework", "ElectricFox.EmbeddedApplicationFramework\ElectricFox.EmbeddedApplicationFramework.csproj", "{AC11847E-894B-40FC-8A43-39BC387AE7C6}"
EndProject
Project("{FAE04EC0-301F-11D3-BF4B-00C04F79EFBC}") = "ElectricFox.FennecSdr.RtlSdrLib", "ElectricFox.FennecSdr.RtlSdrLib\ElectricFox.FennecSdr.RtlSdrLib.csproj", "{2C4D19D4-2D2F-4DB6-AF56-ECE6D09F51C7}"
EndProject
Project("{FAE04EC0-301F-11D3-BF4B-00C04F79EFBC}") = "ElectricFox.FennecSdr.DesktopTestAvalonia", "ElectricFox.FennecSdr.DesktopTestAvalonia\ElectricFox.FennecSdr.DesktopTestAvalonia.csproj", "{F860E290-AAA5-4DD5-B41A-0AB640E04C6F}"
EndProject
Global
	GlobalSection(SolutionConfigurationPlatforms) = preSolution
		Debug|Any CPU = Debug|Any CPU
		Release|Any CPU = Release|Any CPU
	EndGlobalSection
	GlobalSection(ProjectConfigurationPlatforms) = postSolution
		{C6B8EC97-DAAF-44D0-A127-2378BF55F410}.Debug|Any CPU.ActiveCfg = Debug|Any CPU
		{C6B8EC97-DAAF-44D0-A127-2378BF55F410}.Debug|Any CPU.Build.0 = Debug|Any CPU
		{C6B8EC97-DAAF-44D0-A127-2378BF55F410}.Release|Any CPU.ActiveCfg = Release|Any CPU
		{C6B8EC97-DAAF-44D0-A127-2378BF55F410}.Release|Any CPU.Build.0 = Release|Any CPU
		{90FA10B2-0EB4-4C26-9FEB-BB4505D25FC6}.Debug|Any CPU.ActiveCfg = Debug|Any CPU
		{90FA10B2-0EB4-4C26-9FEB-BB4505D25FC6}.Debug|Any CPU.Build.0 = Debug|Any CPU
		{90FA10B2-0EB4-4C26-9FEB-BB4505D25FC6}.Release|Any CPU.ActiveCfg = Release|Any CPU
		{90FA10B2-0EB4-4C26-9FEB-BB4505D25FC6}.Release|Any CPU.Build.0 = Release|Any CPU
		{5E6D18B8-1119-4DA2-820F-DD1781C4743A}.Debug|Any CPU.ActiveCfg = Debug|Any CPU
		{5E6D18B8-1119-4DA2-820F-DD1781C4743A}.Debug|Any CPU.Build.0 = Debug|Any CPU
		{5E6D18B8-1119-4DA2-820F-DD1781C4743A}.Release|Any CPU.ActiveCfg = Release|Any CPU
		{5E6D18B8-1119-4DA2-820F-DD1781C4743A}.Release|Any CPU.Build.0 = Release|Any CPU
		{95078039-C173-4D5D-90A4-FE0D1CF420C4}.Debug|Any CPU.ActiveCfg = Debug|Any CPU
		{95078039-C173-4D5D-90A4-FE0D1CF420C4}.Debug|Any CPU.Build.0 = Debug|Any CPU
		{95078039-C173-4D5D-90A4-FE0D1CF420C4}.Release|Any CPU.ActiveCfg = Release|Any CPU
		{95078039-C173-4D5D-90A4-FE0D1CF420C4}.Release|Any CPU.Build.0 = Release|Any CPU
		{AC11847E-894B-40FC-8A43-39BC387AE7C6}.Debug|Any CPU.ActiveCfg = Debug|Any CPU
		{AC11847E-894B-40FC-8A43-39BC387AE7C6}.Debug|Any CPU.Build.0 = Debug|Any CPU
		{AC11847E-894B-40FC-8A43-39BC387AE7C6}.Release|Any CPU.ActiveCfg = Release|Any CPU
		{AC11847E-894B-40FC-8A43-39BC387AE7C6}.Release|Any CPU.Build.0 = Release|Any CPU
		{2C4D19D4-2D2F-4DB6-AF56-ECE6D09F51C7}.Debug|Any CPU.ActiveCfg = Debug|Any CPU
		{2C4D19D4-2D2F-4DB6-AF56-ECE6D09F51C7}.Debug|Any CPU.Build.0 = Debug|Any CPU
		{2C4D19D4-2D2F-4DB6-AF56-ECE6D09F51C7}.Release|Any CPU.ActiveCfg = Release|Any CPU
		{2C4D19D4-2D2F-4DB6-AF56-ECE6D09F51C7}.Release|Any CPU.Build.0 = Release|Any CPU
		{F860E290-AAA5-4DD5-B41A-0AB640E04C6F}.Debug|Any CPU.ActiveCfg = Debug|Any CPU
		{F860E290-AAA5-4DD5-B41A-0AB640E04C6F}.Debug|Any CPU.Build.0 = Debug|Any CPU
		{F860E290-AAA5-4DD5-B41A-0AB640E04C6F}.Release|Any CPU.ActiveCfg = Release|Any CPU
		{F860E290-AAA5-4DD5-B41A-0AB640E04C6F}.Release|Any CPU.Build.0 = Release|Any CPU
	EndGlobalSection
	GlobalSection(SolutionProperties) = preSolution
		HideSolutionNode = FALSE
	EndGlobalSection
	GlobalSection(ExtensibilityGlobals) = postSolution
		SolutionGuid = {6EA2E74F-5D58-495E-8413-8742D8DD613E}
	EndGlobalSection
EndGlobal
